{
  "name": "krakd",
  "version": "1.0.0",
  "lockfileVersion": 1,
  "requires": true,
  "dependencies": {
    "deep-props": {
      "version": "0.3.3",
      "resolved": "https://registry.npmjs.org/deep-props/-/deep-props-0.3.3.tgz",
      "integrity": "sha512-wW+V/ZV10u51UmKf5iBR1CtihtzMCpTuA6fr5sNmTMUf/jTJ12RovlQ6xgm3gHY0XLzpJxciO/UufOUmfB63Qw=="
    },
    "node-kraken-api": {
      "version": "0.4.1",
      "resolved": "https://registry.npmjs.org/node-kraken-api/-/node-kraken-api-0.4.1.tgz",
      "integrity": "sha512-10j3VN/KxokZngoqZ4iZHV1L3l0GRdNt4XUauakhV49eoeG5Xu3ZN3dqhxPaRJ3C3oREV7pEtF6yrh2QP8or9w==",
      "requires": {
        "deep-props": "^0.3.3",
        "qs": "^6.5.2",
        "ranged-date": "^1.1.3"
      }
    },
    "qs": {
      "version": "6.7.0",
      "resolved": "https://registry.npmjs.org/qs/-/qs-6.7.0.tgz",
      "integrity": "sha512-VCdBRNFTX1fyE7Nb6FYoURo/SPe62QCaAyzJvUjwRaIsc+NePBEniHlvxFmmX56+HZphIGtV0XeCirBtpDrTyQ=="
    },
    "ranged-date": {
      "version": "1.1.3",
      "resolved": "https://registry.npmjs.org/ranged-date/-/ranged-date-1.1.3.tgz",
      "integrity": "sha512-AT/TXn/MrkXDOykBf3y7Fbiy65aetOJIiz0DzczEGQBkVi2bdBt5VuQNZO/lRxdZHmoFYlFIR3aNdc7nRn+Jdw=="
    }
  }
}
